
Microsoft Visual Studio Solution File, Format Version 12.00
# Visual Studio Version 17
VisualStudioVersion = 17.13.35931.197 d17.13
MinimumVisualStudioVersion = 10.0.40219.1
Project("{FAE04EC0-301F-11D3-BF4B-00C04F79EFBC}") = "lists p2", "lists p2.csproj", "{B897764B-D1D3-4746-BE78-A195CBB6D342}"
EndProject
Global
	GlobalSection(SolutionConfigurationPlatforms) = preSolution
		Debug|Any CPU = Debug|Any CPU
		Release|Any CPU = Release|Any CPU
	EndGlobalSection
	GlobalSection(ProjectConfigurationPlatforms) = postSolution
		{B897764B-D1D3-4746-BE78-A195CBB6D342}.Debug|Any CPU.ActiveCfg = Debug|Any CPU
		{B897764B-D1D3-4746-BE78-A195CBB6D342}.Debug|Any CPU.Build.0 = Debug|Any CPU
		{B897764B-D1D3-4746-BE78-A195CBB6D342}.Release|Any CPU.ActiveCfg = Release|Any CPU
		{B897764B-D1D3-4746-BE78-A195CBB6D342}.Release|Any CPU.Build.0 = Release|Any CPU
	EndGlobalSection
	GlobalSection(SolutionProperties) = preSolution
		HideSolutionNode = FALSE
	EndGlobalSection
	GlobalSection(ExtensibilityGlobals) = postSolution
		SolutionGuid = {EC9BFF77-3E90-4F3E-B95A-7D6559F96FF7}
	EndGlobalSection
EndGlobal
